Microsoft Visual Studio Solution File, Format Version 12.00
# Visual Studio 2012
Project("{FAE04EC0-301F-11D3-BF4B-00C04F79EFBC}") = "City Investers", "City Investers.csproj", "{75BB8695-F9C4-4668-9FCE-587F67A8D235}"
EndProject
Global
	GlobalSection(SolutionConfigurationPlatforms) = preSolution
	Debug|Any CPU = Debug|Any CPU
	ExportDebug|Any CPU = ExportDebug|Any CPU
	ExportRelease|Any CPU = ExportRelease|Any CPU
	EndGlobalSection
	GlobalSection(ProjectConfigurationPlatforms) = postSolution
		{75BB8695-F9C4-4668-9FCE-587F67A8D235}.Debug|Any CPU.ActiveCfg = Debug|Any CPU
		{75BB8695-F9C4-4668-9FCE-587F67A8D235}.Debug|Any CPU.Build.0 = Debug|Any CPU
		{75BB8695-F9C4-4668-9FCE-587F67A8D235}.ExportDebug|Any CPU.ActiveCfg = ExportDebug|Any CPU
		{75BB8695-F9C4-4668-9FCE-587F67A8D235}.ExportDebug|Any CPU.Build.0 = ExportDebug|Any CPU
		{75BB8695-F9C4-4668-9FCE-587F67A8D235}.ExportRelease|Any CPU.ActiveCfg = ExportRelease|Any CPU
		{75BB8695-F9C4-4668-9FCE-587F67A8D235}.ExportRelease|Any CPU.Build.0 = ExportRelease|Any CPU
	EndGlobalSection
EndGlobal
